
Microsoft Visual Studio Solution File, Format Version 12.00
# Visual Studio Version 16
VisualStudioVersion = 16.0.31702.278
MinimumVisualStudioVersion = 10.0.40219.1
Project("{9A19103F-16F7-4668-BE54-9A1E7A4F7556}") = "ContactManager", "ContactManager\ContactManager.csproj", "{49E764A7-809C-457A-B795-6B6369FF34AF}"
EndProject
Project("{2150E333-8FDC-42A3-9474-1A3956D46DE8}") = "Solution Items", "Solution Items", "{19C5C615-8AA3-41C0-84EA-2E8D3E29C6A2}"
	ProjectSection(SolutionItems) = preProject
		.editorconfig = .editorconfig
	EndProjectSection
EndProject
Global
	GlobalSection(SolutionConfigurationPlatforms) = preSolution
		Debug|Any CPU = Debug|Any CPU
		Release|Any CPU = Release|Any CPU
	EndGlobalSection
	GlobalSection(ProjectConfigurationPlatforms) = postSolution
		{49E764A7-809C-457A-B795-6B6369FF34AF}.Debug|Any CPU.ActiveCfg = Debug|Any CPU
		{49E764A7-809C-457A-B795-6B6369FF34AF}.Debug|Any CPU.Build.0 = Debug|Any CPU
		{49E764A7-809C-457A-B795-6B6369FF34AF}.Release|Any CPU.ActiveCfg = Release|Any CPU
		{49E764A7-809C-457A-B795-6B6369FF34AF}.Release|Any CPU.Build.0 = Release|Any CPU
	EndGlobalSection
	GlobalSection(SolutionProperties) = preSolution
		HideSolutionNode = FALSE
	EndGlobalSection
	GlobalSection(ExtensibilityGlobals) = postSolution
		SolutionGuid = {C9BE98C5-96FF-4315-8A4C-F2E158B67191}
	EndGlobalSection
EndGlobal
